
Microsoft Visual Studio Solution File, Format Version 12.00
# Visual Studio 14
VisualStudioVersion = 14.0.24720.0
MinimumVisualStudioVersion = 10.0.40219.1
Project("{FAE04EC0-301F-11D3-BF4B-00C04F79EFBC}") = "AngularJsAppApi", "AngularJsAppApi\AngularJsAppApi.csproj", "{1465DC02-6F26-4E3E-B57A-4145914C2072}"
EndProject
Project("{FAE04EC0-301F-11D3-BF4B-00C04F79EFBC}") = "AngularJsAppEF", "AngularJsAppEF\AngularJsAppEF.csproj", "{8A4DE48A-E173-4A17-9EFF-04FAD42E7902}"
EndProject
Project("{FAE04EC0-301F-11D3-BF4B-00C04F79EFBC}") = "AngularJsAppModel", "AngularJsAppModel\AngularJsAppModel.csproj", "{7794158E-1CDD-408F-8712-DBC4F0739AF1}"
EndProject
Project("{FAE04EC0-301F-11D3-BF4B-00C04F79EFBC}") = "AngularJsAppService", "AngularJsAppService\AngularJsAppService.csproj", "{5CEA53E1-DC5D-46BF-9046-533A0B924B31}"
EndProject
Project("{E24C65DC-7377-472B-9ABA-BC803B73C61A}") = "AngularApp", "http://localhost:2235", "{BA6FEB12-61B9-48D2-BE49-6F9CB15E5858}"
	ProjectSection(WebsiteProperties) = preProject
		UseIISExpress = "true"
		TargetFrameworkMoniker = ".NETFramework,Version%3Dv4.5"
		Debug.AspNetCompiler.VirtualPath = "/localhost_2235"
		Debug.AspNetCompiler.PhysicalPath = "AngularApp\"
		Debug.AspNetCompiler.TargetPath = "PrecompiledWeb\localhost_2235\"
		Debug.AspNetCompiler.Updateable = "true"
		Debug.AspNetCompiler.ForceOverwrite = "true"
		Debug.AspNetCompiler.FixedNames = "false"
		Debug.AspNetCompiler.Debug = "True"
		Release.AspNetCompiler.VirtualPath = "/localhost_2235"
		Release.AspNetCompiler.PhysicalPath = "AngularApp\"
		Release.AspNetCompiler.TargetPath = "PrecompiledWeb\localhost_2235\"
		Release.AspNetCompiler.Updateable = "true"
		Release.AspNetCompiler.ForceOverwrite = "true"
		Release.AspNetCompiler.FixedNames = "false"
		Release.AspNetCompiler.Debug = "False"
		SlnRelativePath = "AngularApp\"
	EndProjectSection
EndProject
Global
	GlobalSection(SolutionConfigurationPlatforms) = preSolution
		Debug|Any CPU = Debug|Any CPU
		Release|Any CPU = Release|Any CPU
	EndGlobalSection
	GlobalSection(ProjectConfigurationPlatforms) = postSolution
		{1465DC02-6F26-4E3E-B57A-4145914C2072}.Debug|Any CPU.ActiveCfg = Debug|Any CPU
		{1465DC02-6F26-4E3E-B57A-4145914C2072}.Debug|Any CPU.Build.0 = Debug|Any CPU
		{1465DC02-6F26-4E3E-B57A-4145914C2072}.Release|Any CPU.ActiveCfg = Release|Any CPU
		{1465DC02-6F26-4E3E-B57A-4145914C2072}.Release|Any CPU.Build.0 = Release|Any CPU
		{8A4DE48A-E173-4A17-9EFF-04FAD42E7902}.Debug|Any CPU.ActiveCfg = Debug|Any CPU
		{8A4DE48A-E173-4A17-9EFF-04FAD42E7902}.Debug|Any CPU.Build.0 = Debug|Any CPU
		{8A4DE48A-E173-4A17-9EFF-04FAD42E7902}.Release|Any CPU.ActiveCfg = Release|Any CPU
		{8A4DE48A-E173-4A17-9EFF-04FAD42E7902}.Release|Any CPU.Build.0 = Release|Any CPU
		{7794158E-1CDD-408F-8712-DBC4F0739AF1}.Debug|Any CPU.ActiveCfg = Debug|Any CPU
		{7794158E-1CDD-408F-8712-DBC4F0739AF1}.Debug|Any CPU.Build.0 = Debug|Any CPU
		{7794158E-1CDD-408F-8712-DBC4F0739AF1}.Release|Any CPU.ActiveCfg = Release|Any CPU
		{7794158E-1CDD-408F-8712-DBC4F0739AF1}.Release|Any CPU.Build.0 = Release|Any CPU
		{5CEA53E1-DC5D-46BF-9046-533A0B924B31}.Debug|Any CPU.ActiveCfg = Debug|Any CPU
		{5CEA53E1-DC5D-46BF-9046-533A0B924B31}.Debug|Any CPU.Build.0 = Debug|Any CPU
		{5CEA53E1-DC5D-46BF-9046-533A0B924B31}.Release|Any CPU.ActiveCfg = Release|Any CPU
		{5CEA53E1-DC5D-46BF-9046-533A0B924B31}.Release|Any CPU.Build.0 = Release|Any CPU
		{BA6FEB12-61B9-48D2-BE49-6F9CB15E5858}.Debug|Any CPU.ActiveCfg = Debug|Any CPU
		{BA6FEB12-61B9-48D2-BE49-6F9CB15E5858}.Debug|Any CPU.Build.0 = Debug|Any CPU
		{BA6FEB12-61B9-48D2-BE49-6F9CB15E5858}.Release|Any CPU.ActiveCfg = Debug|Any CPU
		{BA6FEB12-61B9-48D2-BE49-6F9CB15E5858}.Release|Any CPU.Build.0 = Debug|Any CPU
	EndGlobalSection
	GlobalSection(SolutionProperties) = preSolution
		HideSolutionNode = FALSE
	EndGlobalSection
EndGlobal
